
Microsoft Visual Studio Solution File, Format Version 12.00
# Visual Studio Version 17
VisualStudioVersion = 17.0.31903.59
MinimumVisualStudioVersion = 10.0.40219.1
Project("{9A19103F-16F7-4668-BE54-9A1E7A4F7556}") = "JIRMDataManager.Library", "JIRMDataManager.Library\JIRMDataManager.Library.csproj", "{9FEB33A3-4F08-4AE4-B373-D95552421DC7}"
EndProject
Project("{9A19103F-16F7-4668-BE54-9A1E7A4F7556}") = "JIRMApi", "JIRMApi\JIRMApi.csproj", "{C519F385-F4D7-43A6-BF4C-F783DEBB7B68}"
EndProject
Global
	GlobalSection(SolutionConfigurationPlatforms) = preSolution
		Debug|Any CPU = Debug|Any CPU
		Release|Any CPU = Release|Any CPU
	EndGlobalSection
	GlobalSection(ProjectConfigurationPlatforms) = postSolution
		{9FEB33A3-4F08-4AE4-B373-D95552421DC7}.Debug|Any CPU.ActiveCfg = Debug|Any CPU
		{9FEB33A3-4F08-4AE4-B373-D95552421DC7}.Debug|Any CPU.Build.0 = Debug|Any CPU
		{9FEB33A3-4F08-4AE4-B373-D95552421DC7}.Release|Any CPU.ActiveCfg = Release|Any CPU
		{9FEB33A3-4F08-4AE4-B373-D95552421DC7}.Release|Any CPU.Build.0 = Release|Any CPU
		{C519F385-F4D7-43A6-BF4C-F783DEBB7B68}.Debug|Any CPU.ActiveCfg = Debug|Any CPU
		{C519F385-F4D7-43A6-BF4C-F783DEBB7B68}.Debug|Any CPU.Build.0 = Debug|Any CPU
		{C519F385-F4D7-43A6-BF4C-F783DEBB7B68}.Release|Any CPU.ActiveCfg = Release|Any CPU
		{C519F385-F4D7-43A6-BF4C-F783DEBB7B68}.Release|Any CPU.Build.0 = Release|Any CPU
	EndGlobalSection
	GlobalSection(SolutionProperties) = preSolution
		HideSolutionNode = FALSE
	EndGlobalSection
EndGlobal
