
Microsoft Visual Studio Solution File, Format Version 12.00
# Visual Studio Version 17
VisualStudioVersion = 17.0.31903.59
MinimumVisualStudioVersion = 10.0.40219.1
Project("{9A19103F-16F7-4668-BE54-9A1E7A4F7556}") = "JIRMDataManager.Library", "JIRMDataManager.Library\JIRMDataManager.Library.csproj", "{9FEB33A3-4F08-4AE4-B373-D95552421DC7}"
EndProject
Project("{9A19103F-16F7-4668-BE54-9A1E7A4F7556}") = "JIRMApi", "JIRMApi\JIRMApi.csproj", "{C519F385-F4D7-43A6-BF4C-F783DEBB7B68}"
EndProject
Project("{9A19103F-16F7-4668-BE54-9A1E7A4F7556}") = "AIRMDesktopUI.Library", "AIRMDesktopUI.Library\AIRMDesktopUI.Library.csproj", "{227D9258-104C-49CE-BDC1-69A657201E23}"
EndProject
Project("{9A19103F-16F7-4668-BE54-9A1E7A4F7556}") = "AIRMDesktopUI", "AIRMDesktopUI\AIRMDesktopUI.csproj", "{72214228-0903-4C7D-9EDB-5E51F4D48A4E}"
EndProject
Project("{9A19103F-16F7-4668-BE54-9A1E7A4F7556}") = "DMSBlazor", "DMSBlazor\DMSBlazor\DMSBlazor.csproj", "{4A0C3707-EABB-4ED0-B687-27E1E5FEF47D}"
EndProject
Project("{9A19103F-16F7-4668-BE54-9A1E7A4F7556}") = "DMSBlazor.Client", "DMSBlazor\DMSBlazor.Client\DMSBlazor.Client.csproj", "{50D19D27-B98F-4530-9449-A28DD70D7C65}"
EndProject
Project("{9A19103F-16F7-4668-BE54-9A1E7A4F7556}") = "HybridDMS", "HybridDMS\HybridDMS.csproj", "{FB2B1630-0B13-4A50-8B70-F7C382D4F300}"
EndProject
Project("{9A19103F-16F7-4668-BE54-9A1E7A4F7556}") = "HybridDMS.Components", "HybridDMS.Components\HybridDMS.Components.csproj", "{AB100326-8523-4754-B730-64B906BFCBC5}"
EndProject
Global
	GlobalSection(SolutionConfigurationPlatforms) = preSolution
		Debug|Any CPU = Debug|Any CPU
		Release|Any CPU = Release|Any CPU
	EndGlobalSection
	GlobalSection(ProjectConfigurationPlatforms) = postSolution
		{9FEB33A3-4F08-4AE4-B373-D95552421DC7}.Debug|Any CPU.ActiveCfg = Debug|Any CPU
		{9FEB33A3-4F08-4AE4-B373-D95552421DC7}.Debug|Any CPU.Build.0 = Debug|Any CPU
		{9FEB33A3-4F08-4AE4-B373-D95552421DC7}.Release|Any CPU.ActiveCfg = Release|Any CPU
		{9FEB33A3-4F08-4AE4-B373-D95552421DC7}.Release|Any CPU.Build.0 = Release|Any CPU
		{C519F385-F4D7-43A6-BF4C-F783DEBB7B68}.Debug|Any CPU.ActiveCfg = Debug|Any CPU
		{C519F385-F4D7-43A6-BF4C-F783DEBB7B68}.Debug|Any CPU.Build.0 = Debug|Any CPU
		{C519F385-F4D7-43A6-BF4C-F783DEBB7B68}.Release|Any CPU.ActiveCfg = Release|Any CPU
		{C519F385-F4D7-43A6-BF4C-F783DEBB7B68}.Release|Any CPU.Build.0 = Release|Any CPU
		{227D9258-104C-49CE-BDC1-69A657201E23}.Debug|Any CPU.ActiveCfg = Debug|Any CPU
		{227D9258-104C-49CE-BDC1-69A657201E23}.Debug|Any CPU.Build.0 = Debug|Any CPU
		{227D9258-104C-49CE-BDC1-69A657201E23}.Release|Any CPU.ActiveCfg = Release|Any CPU
		{227D9258-104C-49CE-BDC1-69A657201E23}.Release|Any CPU.Build.0 = Release|Any CPU
		{72214228-0903-4C7D-9EDB-5E51F4D48A4E}.Debug|Any CPU.ActiveCfg = Debug|Any CPU
		{72214228-0903-4C7D-9EDB-5E51F4D48A4E}.Debug|Any CPU.Build.0 = Debug|Any CPU
		{72214228-0903-4C7D-9EDB-5E51F4D48A4E}.Release|Any CPU.ActiveCfg = Release|Any CPU
		{72214228-0903-4C7D-9EDB-5E51F4D48A4E}.Release|Any CPU.Build.0 = Release|Any CPU
		{4A0C3707-EABB-4ED0-B687-27E1E5FEF47D}.Debug|Any CPU.ActiveCfg = Debug|Any CPU
		{4A0C3707-EABB-4ED0-B687-27E1E5FEF47D}.Debug|Any CPU.Build.0 = Debug|Any CPU
		{4A0C3707-EABB-4ED0-B687-27E1E5FEF47D}.Release|Any CPU.ActiveCfg = Release|Any CPU
		{4A0C3707-EABB-4ED0-B687-27E1E5FEF47D}.Release|Any CPU.Build.0 = Release|Any CPU
		{50D19D27-B98F-4530-9449-A28DD70D7C65}.Debug|Any CPU.ActiveCfg = Debug|Any CPU
		{50D19D27-B98F-4530-9449-A28DD70D7C65}.Debug|Any CPU.Build.0 = Debug|Any CPU
		{50D19D27-B98F-4530-9449-A28DD70D7C65}.Release|Any CPU.ActiveCfg = Release|Any CPU
		{50D19D27-B98F-4530-9449-A28DD70D7C65}.Release|Any CPU.Build.0 = Release|Any CPU
		{FB2B1630-0B13-4A50-8B70-F7C382D4F300}.Debug|Any CPU.ActiveCfg = Debug|Any CPU
		{FB2B1630-0B13-4A50-8B70-F7C382D4F300}.Debug|Any CPU.Build.0 = Debug|Any CPU
		{FB2B1630-0B13-4A50-8B70-F7C382D4F300}.Debug|Any CPU.Deploy.0 = Debug|Any CPU
		{FB2B1630-0B13-4A50-8B70-F7C382D4F300}.Release|Any CPU.ActiveCfg = Release|Any CPU
		{FB2B1630-0B13-4A50-8B70-F7C382D4F300}.Release|Any CPU.Build.0 = Release|Any CPU
		{FB2B1630-0B13-4A50-8B70-F7C382D4F300}.Release|Any CPU.Deploy.0 = Release|Any CPU
		{AB100326-8523-4754-B730-64B906BFCBC5}.Debug|Any CPU.ActiveCfg = Debug|Any CPU
		{AB100326-8523-4754-B730-64B906BFCBC5}.Debug|Any CPU.Build.0 = Debug|Any CPU
		{AB100326-8523-4754-B730-64B906BFCBC5}.Release|Any CPU.ActiveCfg = Release|Any CPU
		{AB100326-8523-4754-B730-64B906BFCBC5}.Release|Any CPU.Build.0 = Release|Any CPU
	EndGlobalSection
	GlobalSection(SolutionProperties) = preSolution
		HideSolutionNode = FALSE
	EndGlobalSection
	GlobalSection(ExtensibilityGlobals) = postSolution
		SolutionGuid = {E6D99C73-87EC-4628-8056-6EA7B6367ABD}
	EndGlobalSection
EndGlobal
